{
  "name": "bootstrap-template",
  "version": "1.0.0",
  "lockfileVersion": 3,
  "requires": true,
  "packages": {
    "": {
      "name": "bootstrap-template",
      "version": "1.0.0",
      "license": "ISC",
      "dependencies": {
        "bootstrap": "^5.3.1",
        "bootstrap-icons": "^1.10.5",
        "node": "^20.6.0",
        "nore": "^1.1.2"
      }
    },
    "node_modules/@popperjs/core": {
      "version": "2.11.8",
      "resolved": "https://registry.npmjs.org/@popperjs/core/-/core-2.11.8.tgz",
      "integrity": "sha512-P1st0aksCrn9sGZhp8GMYwBnQsbvAWsZAX44oXNNvLHGqAOcoVxmjZiohstwQ7SqKnbR47akdNi+uleWD8+g6A==",
      "peer": true,
      "funding": {
        "type": "opencollective",
        "url": "https://opencollective.com/popperjs"
      }
    },
    "node_modules/bootstrap": {
      "version": "5.3.1",
      "resolved": "https://registry.npmjs.org/bootstrap/-/bootstrap-5.3.1.tgz",
      "integrity": "sha512-jzwza3Yagduci2x0rr9MeFSORjcHpt0lRZukZPZQJT1Dth5qzV7XcgGqYzi39KGAVYR8QEDVoO0ubFKOxzMG+g==",
      "funding": [
        {
          "type": "github",
          "url": "https://github.com/sponsors/twbs"
        },
        {
          "type": "opencollective",
          "url": "https://opencollective.com/bootstrap"
        }
      ],
      "peerDependencies": {
        "@popperjs/core": "^2.11.8"
      }
    },
    "node_modules/bootstrap-icons": {
      "version": "1.10.5",
      "resolved": "https://registry.npmjs.org/bootstrap-icons/-/bootstrap-icons-1.10.5.tgz",
      "integrity": "sha512-oSX26F37V7QV7NCE53PPEL45d7EGXmBgHG3pDpZvcRaKVzWMqIRL9wcqJUyEha1esFtM3NJzvmxFXDxjJYD0jQ==",
      "funding": [
        {
          "type": "github",
          "url": "https://github.com/sponsors/twbs"
        },
        {
          "type": "opencollective",
          "url": "https://opencollective.com/bootstrap"
        }
      ]
    },
    "node_modules/dirw": {
      "version": "1.0.3",
      "resolved": "https://registry.npmjs.org/dirw/-/dirw-1.0.3.tgz",
      "integrity": "sha512-BjhWcYokE1iEfJOWUo5lcJmw2sltnBa1kfCVFfkVOX52dxqxTKTn/XAT+erR921+O7MbhMPcRERtyRskcQEcWQ=="
    },
    "node_modules/inflected": {
      "version": "1.1.7",
      "resolved": "https://registry.npmjs.org/inflected/-/inflected-1.1.7.tgz",
      "integrity": "sha512-3lz7idKIPmKvz0wqlu1PUPSg5strJnCh2v2NldPQy13Fmd6WsWQ5yExDoiIX48lQ9mo8N7ztdDlkZxOauZ/E5g=="
    },
    "node_modules/node": {
      "version": "20.6.0",
      "resolved": "https://registry.npmjs.org/node/-/node-20.6.0.tgz",
      "integrity": "sha512-aoXMnA7DfNRwlmR3u++rYM9M4tnzmXYezVSrK/8vBsrwLF1TVcyjYO0RzX2unJxXfKWIl9Kfo0WLoMs3atWOqQ==",
      "hasInstallScript": true,
      "dependencies": {
        "node-bin-setup": "^1.0.0"
      },
      "bin": {
        "node": "bin/node"
      },
      "engines": {
        "npm": ">=5.0.0"
      }
    },
    "node_modules/node-bin-setup": {
      "version": "1.1.3",
      "resolved": "https://registry.npmjs.org/node-bin-setup/-/node-bin-setup-1.1.3.tgz",
      "integrity": "sha512-opgw9iSCAzT2+6wJOETCpeRYAQxSopqQ2z+N6BXwIMsQQ7Zj5M8MaafQY8JMlolRR6R1UXg2WmhKp0p9lSOivg=="
    },
    "node_modules/nore": {
      "version": "1.1.2",
      "resolved": "https://registry.npmjs.org/nore/-/nore-1.1.2.tgz",
      "integrity": "sha512-gasM19vN5qn0WCaIBkureUkWZbXjC70k2F6WkcFF1AyJXRvJgAlCL0dabYORnXaGBlWyOXQnInOr6B2c/kRIeg==",
      "dependencies": {
        "dirw": "^1.0.3",
        "inflected": "^1.1.6"
      },
      "bin": {
        "nore": "index.js"
      }
    }
  }
}
